{
    "_meta": {
        "hash": {
            "sha256": "81cf839fb3419b38249f29f9605d1fb3b4bc3244bc92a56e56addf901de4bcc9"
        },
        "pipfile-spec": 6,
        "requires": {
            "python_version": "3.9"
        },
        "sources": [
            {
                "name": "pip_conf_index_global",
                "url": "https://repo.huaweicloud.com/repository/pypi/simple",
                "verify_ssl": true
            }
        ]
    },
    "default": {},
    "develop": {}
}
